
Microsoft Visual Studio Solution File, Format Version 12.00
# Visual Studio Version 16
VisualStudioVersion = 16.0.31702.278
MinimumVisualStudioVersion = 10.0.40219.1
Project("{9A19103F-16F7-4668-BE54-9A1E7A4F7556}") = "Targil0", "Targil0\Targil0.csproj", "{774F3E57-7713-434E-8165-45167B1CD14B}"
EndProject
Project("{9A19103F-16F7-4668-BE54-9A1E7A4F7556}") = "ConsoleUI", "ConsoleUI\ConsoleUI.csproj", "{004F21F4-4D2B-4179-83D3-E143773EC595}"
EndProject
Project("{9A19103F-16F7-4668-BE54-9A1E7A4F7556}") = "DAL", "DAL\DAL.csproj", "{233EAA02-D8F3-4F98-ADD9-A1649D44EB54}"
EndProject
Project("{9A19103F-16F7-4668-BE54-9A1E7A4F7556}") = "BL", "BL\BL.csproj", "{5C4C94E0-3DBB-462D-91FF-3AC1F4251D1D}"
EndProject
Project("{9A19103F-16F7-4668-BE54-9A1E7A4F7556}") = "ConsoleUI_BL", "ConsoleUI_BL\ConsoleUI_BL.csproj", "{9790AE17-7EC1-4B63-9E84-12CC7AEBA758}"
EndProject
Project("{FAE04EC0-301F-11D3-BF4B-00C04F79EFBC}") = "PL", "PL\PL.csproj", "{7CDC0D48-C708-4242-8CF4-983FB1E99D4F}"
EndProject
Global
	GlobalSection(SolutionConfigurationPlatforms) = preSolution
		Debug|Any CPU = Debug|Any CPU
		Release|Any CPU = Release|Any CPU
	EndGlobalSection
	GlobalSection(ProjectConfigurationPlatforms) = postSolution
		{774F3E57-7713-434E-8165-45167B1CD14B}.Debug|Any CPU.ActiveCfg = Debug|Any CPU
		{774F3E57-7713-434E-8165-45167B1CD14B}.Debug|Any CPU.Build.0 = Debug|Any CPU
		{774F3E57-7713-434E-8165-45167B1CD14B}.Release|Any CPU.ActiveCfg = Release|Any CPU
		{774F3E57-7713-434E-8165-45167B1CD14B}.Release|Any CPU.Build.0 = Release|Any CPU
		{004F21F4-4D2B-4179-83D3-E143773EC595}.Debug|Any CPU.ActiveCfg = Debug|Any CPU
		{004F21F4-4D2B-4179-83D3-E143773EC595}.Debug|Any CPU.Build.0 = Debug|Any CPU
		{004F21F4-4D2B-4179-83D3-E143773EC595}.Release|Any CPU.ActiveCfg = Release|Any CPU
		{004F21F4-4D2B-4179-83D3-E143773EC595}.Release|Any CPU.Build.0 = Release|Any CPU
		{233EAA02-D8F3-4F98-ADD9-A1649D44EB54}.Debug|Any CPU.ActiveCfg = Debug|Any CPU
		{233EAA02-D8F3-4F98-ADD9-A1649D44EB54}.Debug|Any CPU.Build.0 = Debug|Any CPU
		{233EAA02-D8F3-4F98-ADD9-A1649D44EB54}.Release|Any CPU.ActiveCfg = Release|Any CPU
		{233EAA02-D8F3-4F98-ADD9-A1649D44EB54}.Release|Any CPU.Build.0 = Release|Any CPU
		{5C4C94E0-3DBB-462D-91FF-3AC1F4251D1D}.Debug|Any CPU.ActiveCfg = Debug|Any CPU
		{5C4C94E0-3DBB-462D-91FF-3AC1F4251D1D}.Debug|Any CPU.Build.0 = Debug|Any CPU
		{5C4C94E0-3DBB-462D-91FF-3AC1F4251D1D}.Release|Any CPU.ActiveCfg = Release|Any CPU
		{5C4C94E0-3DBB-462D-91FF-3AC1F4251D1D}.Release|Any CPU.Build.0 = Release|Any CPU
		{9790AE17-7EC1-4B63-9E84-12CC7AEBA758}.Debug|Any CPU.ActiveCfg = Debug|Any CPU
		{9790AE17-7EC1-4B63-9E84-12CC7AEBA758}.Debug|Any CPU.Build.0 = Debug|Any CPU
		{9790AE17-7EC1-4B63-9E84-12CC7AEBA758}.Release|Any CPU.ActiveCfg = Release|Any CPU
		{9790AE17-7EC1-4B63-9E84-12CC7AEBA758}.Release|Any CPU.Build.0 = Release|Any CPU
		{7CDC0D48-C708-4242-8CF4-983FB1E99D4F}.Debug|Any CPU.ActiveCfg = Debug|Any CPU
		{7CDC0D48-C708-4242-8CF4-983FB1E99D4F}.Debug|Any CPU.Build.0 = Debug|Any CPU
		{7CDC0D48-C708-4242-8CF4-983FB1E99D4F}.Release|Any CPU.ActiveCfg = Release|Any CPU
		{7CDC0D48-C708-4242-8CF4-983FB1E99D4F}.Release|Any CPU.Build.0 = Release|Any CPU
	EndGlobalSection
	GlobalSection(SolutionProperties) = preSolution
		HideSolutionNode = FALSE
	EndGlobalSection
	GlobalSection(ExtensibilityGlobals) = postSolution
		SolutionGuid = {47842FFD-64F7-4EDA-BCB2-C25167CB5F4B}
	EndGlobalSection
EndGlobal
